
Microsoft Visual Studio Solution File, Format Version 12.00
# Visual Studio 14
VisualStudioVersion = 14.0.25420.1
MinimumVisualStudioVersion = 10.0.40219.1
Project("{8BB2217D-0F2D-49D1-97BC-3654ED321F3B}") = "WebApp", "WebApp\WebApp.xproj", "{02A8C278-6FF0-44A5-9367-DA7F1735D8F0}"
EndProject
Project("{FAE04EC0-301F-11D3-BF4B-00C04F79EFBC}") = "Library", "Library\Library.csproj", "{2E9B17C8-56D4-49A9-BCCD-E12264EC6A01}"
EndProject
Project("{FAE04EC0-301F-11D3-BF4B-00C04F79EFBC}") = "Service", "Service\Service.csproj", "{A6FC4A12-304A-4EDB-B248-EB9772C47AF6}"
EndProject
Global
	GlobalSection(SolutionConfigurationPlatforms) = preSolution
		Debug|Any CPU = Debug|Any CPU
		Release|Any CPU = Release|Any CPU
	EndGlobalSection
	GlobalSection(ProjectConfigurationPlatforms) = postSolution
		{02A8C278-6FF0-44A5-9367-DA7F1735D8F0}.Debug|Any CPU.ActiveCfg = Debug|Any CPU
		{02A8C278-6FF0-44A5-9367-DA7F1735D8F0}.Debug|Any CPU.Build.0 = Debug|Any CPU
		{02A8C278-6FF0-44A5-9367-DA7F1735D8F0}.Release|Any CPU.ActiveCfg = Release|Any CPU
		{02A8C278-6FF0-44A5-9367-DA7F1735D8F0}.Release|Any CPU.Build.0 = Release|Any CPU
		{2E9B17C8-56D4-49A9-BCCD-E12264EC6A01}.Debug|Any CPU.ActiveCfg = Debug|Any CPU
		{2E9B17C8-56D4-49A9-BCCD-E12264EC6A01}.Debug|Any CPU.Build.0 = Debug|Any CPU
		{2E9B17C8-56D4-49A9-BCCD-E12264EC6A01}.Release|Any CPU.ActiveCfg = Release|Any CPU
		{2E9B17C8-56D4-49A9-BCCD-E12264EC6A01}.Release|Any CPU.Build.0 = Release|Any CPU
		{A6FC4A12-304A-4EDB-B248-EB9772C47AF6}.Debug|Any CPU.ActiveCfg = Debug|Any CPU
		{A6FC4A12-304A-4EDB-B248-EB9772C47AF6}.Debug|Any CPU.Build.0 = Debug|Any CPU
		{A6FC4A12-304A-4EDB-B248-EB9772C47AF6}.Release|Any CPU.ActiveCfg = Release|Any CPU
		{A6FC4A12-304A-4EDB-B248-EB9772C47AF6}.Release|Any CPU.Build.0 = Release|Any CPU
	EndGlobalSection
	GlobalSection(SolutionProperties) = preSolution
		HideSolutionNode = FALSE
	EndGlobalSection
EndGlobal
